PODS:
  - Flutter (1.0.0)
  - openssl_flutter (0.0.1):
    - Flutter

DEPENDENCIES:
  - Flutter (from `.symlinks/flutter/ios`)
  - openssl_flutter (from `.symlinks/plugins/openssl_flutter/ios`)

EXTERNAL SOURCES:
  Flutter:
    :path: ".symlinks/flutter/ios"
  openssl_flutter:
    :path: ".symlinks/plugins/openssl_flutter/ios"

SPEC CHECKSUMS:
  Flutter: 9d0fac939486c9aba2809b7982dfdbb47a7b0296
  openssl_flutter: dd2f23e81fd9d8e9261332f549fcde5121543846

PODFILE CHECKSUM: 6dc952f4e329e4efede07b370ff9d46e94f98f7c

COCOAPODS: 1.5.3
